// !$*UTF8*$!
{
	archiveVersion = 1;
	classes = {
	};
	objectVersion = 46;
	objects = {

/* Begin PBXBuildFile section */
		8ECFE3091A45F4130088DE6E /* FLFeedController.swift in Sources */ = {isa = PBXBuildFile; fileRef = 8ECFE3081A45F4130088DE6E /* FLFeedController.swift */; };
		8ECFE30B1A45F4690088DE6E /* FLPlaybackView.swift in Sources */ = {isa = PBXBuildFile; fileRef = 8ECFE30A1A45F4690088DE6E /* FLPlaybackView.swift */; };
		8ECFE30D1A45F4B90088DE6E /* FLTableView.swift in Sources */ = {isa = PBXBuildFile; fileRef = 8ECFE30C1A45F4B90088DE6E /* FLTableView.swift */; };
		8ECFE30F1A45F4D10088DE6E /* FLTableViewManager.swift in Sources */ = {isa = PBXBuildFile; fileRef = 8ECFE30E1A45F4D10088DE6E /* FLTableViewManager.swift */; };
		8ECFE3111A45F5090088DE6E /* FLTrackCell.swift in Sources */ = {isa = PBXBuildFile; fileRef = 8ECFE3101A45F5090088DE6E /* FLTrackCell.swift */; };
		8EFBB02A1A45F015003DDDC9 /* AppDelegate.swift in Sources */ = {isa = PBXBuildFile; fileRef = 8EFBB0291A45F015003DDDC9 /* AppDelegate.swift */; };
		8EFBB02C1A45F015003DDDC9 /* FLMasterController.swift in Sources */ = {isa = PBXBuildFile; fileRef = 8EFBB02B1A45F015003DDDC9 /* FLMasterController.swift */; };
		8EFBB02F1A45F015003DDDC9 /* Main.storyboard in Resources */ = {isa = PBXBuildFile; fileRef = 8EFBB02D1A45F015003DDDC9 /* Main.storyboard */; };
		8EFBB0311A45F015003DDDC9 /* Images.xcassets in Resources */ = {isa = PBXBuildFile; fileRef = 8EFBB0301A45F015003DDDC9 /* Images.xcassets */; };
		8EFBB0341A45F015003DDDC9 /* LaunchScreen.xib in Resources */ = {isa = PBXBuildFile; fileRef = 8EFBB0321A45F015003DDDC9 /* LaunchScreen.xib */; };
		8EFBB0401A45F015003DDDC9 /* FlowListTests.swift in Sources */ = {isa = PBXBuildFile; fileRef = 8EFBB03F1A45F015003DDDC9 /* FlowListTests.swift */; };
/* End PBXBuildFile section */

/* Begin PBXContainerItemProxy section */
		8EFBB03A1A45F015003DDDC9 /* PBXContainerItemProxy */ = {
			isa = PBXContainerItemProxy;
			containerPortal = 8EFBB01C1A45F015003DDDC9 /* Project object */;
			proxyType = 1;
			remoteGlobalIDString = 8EFBB0231A45F015003DDDC9;
			remoteInfo = FlowList;
		};
/* End PBXContainerItemProxy section */

/* Begin PBXFileReference section */
		8ECFE3081A45F4130088DE6E /* FLFeedController.swift */ = {isa = PBXFileReference; fileEncoding = 4; lastKnownFileType = sourcecode.swift; path = FLFeedController.swift; sourceTree = "<group>"; };
		8ECFE30A1A45F4690088DE6E /* FLPlaybackView.swift */ = {isa = PBXFileReference; fileEncoding = 4; lastKnownFileType = sourcecode.swift; path = FLPlaybackView.swift; sourceTree = "<group>"; };
		8ECFE30C1A45F4B90088DE6E /* FLTableView.swift */ = {isa = PBXFileReference; fileEncoding = 4; lastKnownFileType = sourcecode.swift; path = FLTableView.swift; sourceTree = "<group>"; };
		8ECFE30E1A45F4D10088DE6E /* FLTableViewManager.swift */ = {isa = PBXFileReference; fileEncoding = 4; lastKnownFileType = sourcecode.swift; path = FLTableViewManager.swift; sourceTree = "<group>"; };
		8ECFE3101A45F5090088DE6E /* FLTrackCell.swift */ = {isa = PBXFileReference; fileEncoding = 4; lastKnownFileType = sourcecode.swift; path = FLTrackCell.swift; sourceTree = "<group>"; };
		8EFBB0241A45F015003DDDC9 /* FlowList.app */ = {isa = PBXFileReference; explicitFileType = wrapper.application; includeInIndex = 0; path = FlowList.app; sourceTree = BUILT_PRODUCTS_DIR; };
		8EFBB0281A45F015003DDDC9 /* Info.plist */ = {isa = PBXFileReference; lastKnownFileType = text.plist.xml; path = Info.plist; sourceTree = "<group>"; };
		8EFBB0291A45F015003DDDC9 /* AppDelegate.swift */ = {isa = PBXFileReference; lastKnownFileType = sourcecode.swift; path = AppDelegate.swift; sourceTree = "<group>"; };
		8EFBB02B1A45F015003DDDC9 /* FLMasterController.swift */ = {isa = PBXFileReference; lastKnownFileType = sourcecode.swift; path = FLMasterController.swift; sourceTree = "<group>"; };
		8EFBB02E1A45F015003DDDC9 /* Base */ = {isa = PBXFileReference; lastKnownFileType = file.storyboard; name = Base; path = Base.lproj/Main.storyboard; sourceTree = "<group>"; };
		8EFBB0301A45F015003DDDC9 /* Images.xcassets */ = {isa = PBXFileReference; lastKnownFileType = folder.assetcatalog; path = Images.xcassets; sourceTree = "<group>"; };
		8EFBB0331A45F015003DDDC9 /* Base */ = {isa = PBXFileReference; lastKnownFileType = file.xib; name = Base; path = Base.lproj/LaunchScreen.xib; sourceTree = "<group>"; };
		8EFBB0391A45F015003DDDC9 /* FlowListTests.xctest */ = {isa = PBXFileReference; explicitFileType = wrapper.cfbundle; includeInIndex = 0; path = FlowListTests.xctest; sourceTree = BUILT_PRODUCTS_DIR; };
		8EFBB03E1A45F015003DDDC9 /* Info.plist */ = {isa = PBXFileReference; lastKnownFileType = text.plist.xml; path = Info.plist; sourceTree = "<group>"; };
		8EFBB03F1A45F015003DDDC9 /* FlowListTests.swift */ = {isa = PBXFileReference; lastKnownFileType = sourcecode.swift; path = FlowListTests.swift; sourceTree = "<group>"; };
/* End PBXFileReference section */

/* Begin PBXFrameworksBuildPhase section */
		8EFBB0211A45F015003DDDC9 /* Frameworks */ = {
			isa = PBXFrameworksBuildPhase;
			buildActionMask = 2147483647;
			files = (
			);
			runOnlyForDeploymentPostprocessing = 0;
		};
		8EFBB0361A45F015003DDDC9 /* Frameworks */ = {
			isa = PBXFrameworksBuildPhase;
			buildActionMask = 2147483647;
			files = (
			);
			runOnlyForDeploymentPostprocessing = 0;
		};
/* End PBXFrameworksBuildPhase section */

/* Begin PBXGroup section */
		8ECFE3051A45F3C20088DE6E /* Views */ = {
			isa = PBXGroup;
			children = (
				8EFBB02D1A45F015003DDDC9 /* Main.storyboard */,
				8EFBB0321A45F015003DDDC9 /* LaunchScreen.xib */,
				8ECFE30A1A45F4690088DE6E /* FLPlaybackView.swift */,
				8ECFE30C1A45F4B90088DE6E /* FLTableView.swift */,
				8ECFE3101A45F5090088DE6E /* FLTrackCell.swift */,
			);
			name = Views;
			sourceTree = "<group>";
		};
		8ECFE3061A45F3CA0088DE6E /* Controllers */ = {
			isa = PBXGroup;
			children = (
				8EFBB02B1A45F015003DDDC9 /* FLMasterController.swift */,
				8ECFE3081A45F4130088DE6E /* FLFeedController.swift */,
				8ECFE30E1A45F4D10088DE6E /* FLTableViewManager.swift */,
			);
			name = Controllers;
			sourceTree = "<group>";
		};
		8ECFE3071A45F3CE0088DE6E /* Model */ = {
			isa = PBXGroup;
			children = (
			);
			name = Model;
			sourceTree = "<group>";
		};
		8EFBB01B1A45F015003DDDC9 = {
			isa = PBXGroup;
			children = (
				8EFBB0261A45F015003DDDC9 /* FlowList */,
				8EFBB03C1A45F015003DDDC9 /* FlowListTests */,
				8EFBB0251A45F015003DDDC9 /* Products */,
			);
			sourceTree = "<group>";
		};
		8EFBB0251A45F015003DDDC9 /* Products */ = {
			isa = PBXGroup;
			children = (
				8EFBB0241A45F015003DDDC9 /* FlowList.app */,
				8EFBB0391A45F015003DDDC9 /* FlowListTests.xctest */,
			);
			name = Products;
			sourceTree = "<group>";
		};
		8EFBB0261A45F015003DDDC9 /* FlowList */ = {
			isa = PBXGroup;
			children = (
				8EFBB0291A45F015003DDDC9 /* AppDelegate.swift */,
				8ECFE3071A45F3CE0088DE6E /* Model */,
				8ECFE3061A45F3CA0088DE6E /* Controllers */,
				8ECFE3051A45F3C20088DE6E /* Views */,
				8EFBB0301A45F015003DDDC9 /* Images.xcassets */,
				8EFBB0271A45F015003DDDC9 /* Supporting Files */,
			);
			path = FlowList;
			sourceTree = "<group>";
		};
		8EFBB0271A45F015003DDDC9 /* Supporting Files */ = {
			isa = PBXGroup;
			children = (
				8EFBB0281A45F015003DDDC9 /* Info.plist */,
			);
			name = "Supporting Files";
			sourceTree = "<group>";
		};
		8EFBB03C1A45F015003DDDC9 /* FlowListTests */ = {
			isa = PBXGroup;
			children = (
				8EFBB03F1A45F015003DDDC9 /* FlowListTests.swift */,
				8EFBB03D1A45F015003DDDC9 /* Supporting Files */,
			);
			path = FlowListTests;
			sourceTree = "<group>";
		};
		8EFBB03D1A45F015003DDDC9 /* Supporting Files */ = {
			isa = PBXGroup;
			children = (
				8EFBB03E1A45F015003DDDC9 /* Info.plist */,
			);
			name = "Supporting Files";
			sourceTree = "<group>";
		};
/* End PBXGroup section */

/* Begin PBXNativeTarget section */
		8EFBB0231A45F015003DDDC9 /* FlowList */ = {
			isa = PBXNativeTarget;
			buildConfigurationList = 8EFBB0431A45F015003DDDC9 /* Build configuration list for PBXNativeTarget "FlowList" */;
			buildPhases = (
				8EFBB0201A45F015003DDDC9 /* Sources */,
				8EFBB0211A45F015003DDDC9 /* Frameworks */,
				8EFBB0221A45F015003DDDC9 /* Resources */,
			);
			buildRules = (
			);
			dependencies = (
			);
			name = FlowList;
			productName = FlowList;
			productReference = 8EFBB0241A45F015003DDDC9 /* FlowList.app */;
			productType = "com.apple.product-type.application";
		};
		8EFBB0381A45F015003DDDC9 /* FlowListTests */ = {
			isa = PBXNativeTarget;
			buildConfigurationList = 8EFBB0461A45F015003DDDC9 /* Build configuration list for PBXNativeTarget "FlowListTests" */;
			buildPhases = (
				8EFBB0351A45F015003DDDC9 /* Sources */,
				8EFBB0361A45F015003DDDC9 /* Frameworks */,
				8EFBB0371A45F015003DDDC9 /* Resources */,
			);
			buildRules = (
			);
			dependencies = (
				8EFBB03B1A45F015003DDDC9 /* PBXTargetDependency */,
			);
			name = FlowListTests;
			productName = FlowListTests;
			productReference = 8EFBB0391A45F015003DDDC9 /* FlowListTests.xctest */;
			productType = "com.apple.product-type.bundle.unit-test";
		};
/* End PBXNativeTarget section */

/* Begin PBXProject section */
		8EFBB01C1A45F015003DDDC9 /* Project object */ = {
			isa = PBXProject;
			attributes = {
				LastUpgradeCheck = 0620;
				ORGANIZATIONNAME = "Daniel Rakhamimov";
				TargetAttributes = {
					8EFBB0231A45F015003DDDC9 = {
						CreatedOnToolsVersion = 6.2;
					};
					8EFBB0381A45F015003DDDC9 = {
						CreatedOnToolsVersion = 6.2;
						TestTargetID = 8EFBB0231A45F015003DDDC9;
					};
				};
			};
			buildConfigurationList = 8EFBB01F1A45F015003DDDC9 /* Build configuration list for PBXProject "FlowList" */;
			compatibilityVersion = "Xcode 3.2";
			developmentRegion = English;
			hasScannedForEncodings = 0;
			knownRegions = (
				en,
				Base,
			);
			mainGroup = 8EFBB01B1A45F015003DDDC9;
			productRefGroup = 8EFBB0251A45F015003DDDC9 /* Products */;
			projectDirPath = "";
			projectRoot = "";
			targets = (
				8EFBB0231A45F015003DDDC9 /* FlowList */,
				8EFBB0381A45F015003DDDC9 /* FlowListTests */,
			);
		};
/* End PBXProject section */

/* Begin PBXResourcesBuildPhase section */
		8EFBB0221A45F015003DDDC9 /* Resources */ = {
			isa = PBXResourcesBuildPhase;
			buildActionMask = 2147483647;
			files = (
				8EFBB02F1A45F015003DDDC9 /* Main.storyboard in Resources */,
				8EFBB0341A45F015003DDDC9 /* LaunchScreen.xib in Resources */,
				8EFBB0311A45F015003DDDC9 /* Images.xcassets in Resources */,
			);
			runOnlyForDeploymentPostprocessing = 0;
		};
		8EFBB0371A45F015003DDDC9 /* Resources */ = {
			isa = PBXResourcesBuildPhase;
			buildActionMask = 2147483647;
			files = (
			);
			runOnlyForDeploymentPostprocessing = 0;
		};
/* End PBXResourcesBuildPhase section */

/* Begin PBXSourcesBuildPhase section */
		8EFBB0201A45F015003DDDC9 /* Sources */ = {
			isa = PBXSourcesBuildPhase;
			buildActionMask = 2147483647;
			files = (
				8EFBB02C1A45F015003DDDC9 /* FLMasterController.swift in Sources */,
				8EFBB02A1A45F015003DDDC9 /* AppDelegate.swift in Sources */,
				8ECFE30D1A45F4B90088DE6E /* FLTableView.swift in Sources */,
				8ECFE30F1A45F4D10088DE6E /* FLTableViewManager.swift in Sources */,
				8ECFE3091A45F4130088DE6E /* FLFeedController.swift in Sources */,
				8ECFE30B1A45F4690088DE6E /* FLPlaybackView.swift in Sources */,
				8ECFE3111A45F5090088DE6E /* FLTrackCell.swift in Sources */,
			);
			runOnlyForDeploymentPostprocessing = 0;
		};
		8EFBB0351A45F015003DDDC9 /* Sources */ = {
			isa = PBXSourcesBuildPhase;
			buildActionMask = 2147483647;
			files = (
				8EFBB0401A45F015003DDDC9 /* FlowListTests.swift in Sources */,
			);
			runOnlyForDeploymentPostprocessing = 0;
		};
/* End PBXSourcesBuildPhase section */

/* Begin PBXTargetDependency section */
		8EFBB03B1A45F015003DDDC9 /* PBXTargetDependency */ = {
			isa = PBXTargetDependency;
			target = 8EFBB0231A45F015003DDDC9 /* FlowList */;
			targetProxy = 8EFBB03A1A45F015003DDDC9 /* PBXContainerItemProxy */;
		};
/* End PBXTargetDependency section */

/* Begin PBXVariantGroup section */
		8EFBB02D1A45F015003DDDC9 /* Main.storyboard */ = {
			isa = PBXVariantGroup;
			children = (
				8EFBB02E1A45F015003DDDC9 /* Base */,
			);
			name = Main.storyboard;
			sourceTree = "<group>";
		};
		8EFBB0321A45F015003DDDC9 /* LaunchScreen.xib */ = {
			isa = PBXVariantGroup;
			children = (
				8EFBB0331A45F015003DDDC9 /* Base */,
			);
			name = LaunchScreen.xib;
			sourceTree = "<group>";
		};
/* End PBXVariantGroup section */

/* Begin XCBuildConfiguration section */
		8EFBB0411A45F015003DDDC9 /* Debug */ = {
			isa = XCBuildConfiguration;
			buildSettings = {
				ALWAYS_SEARCH_USER_PATHS = NO;
				CLANG_CXX_LANGUAGE_STANDARD = "gnu++0x";
				CLANG_CXX_LIBRARY = "libc++";
				CLANG_ENABLE_MODULES = YES;
				CLANG_ENABLE_OBJC_ARC = YES;
				CLANG_WARN_BOOL_CONVERSION = YES;
				CLANG_WARN_CONSTANT_CONVERSION = YES;
				CLANG_WARN_DIRECT_OBJC_ISA_USAGE = YES_ERROR;
				CLANG_WARN_EMPTY_BODY = YES;
				CLANG_WARN_ENUM_CONVERSION = YES;
				CLANG_WARN_INT_CONVERSION = YES;
				CLANG_WARN_OBJC_ROOT_CLASS = YES_ERROR;
				CLANG_WARN_UNREACHABLE_CODE = YES;
				CLANG_WARN__DUPLICATE_METHOD_MATCH = YES;
				"CODE_SIGN_IDENTITY[sdk=iphoneos*]" = "iPhone Developer";
				COPY_PHASE_STRIP = NO;
				ENABLE_STRICT_OBJC_MSGSEND = YES;
				GCC_C_LANGUAGE_STANDARD = gnu99;
				GCC_DYNAMIC_NO_PIC = NO;
				GCC_OPTIMIZATION_LEVEL = 0;
				GCC_PREPROCESSOR_DEFINITIONS = (
					"DEBUG=1",
					"$(inherited)",
				);
				GCC_SYMBOLS_PRIVATE_EXTERN = NO;
				GCC_WARN_64_TO_32_BIT_CONVERSION = YES;
				GCC_WARN_ABOUT_RETURN_TYPE = YES_ERROR;
				GCC_WARN_UNDECLARED_SELECTOR = YES;
				GCC_WARN_UNINITIALIZED_AUTOS = YES_AGGRESSIVE;
				GCC_WARN_UNUSED_FUNCTION = YES;
				GCC_WARN_UNUSED_VARIABLE = YES;
				IPHONEOS_DEPLOYMENT_TARGET = 8.2;
				MTL_ENABLE_DEBUG_INFO = YES;
				ONLY_ACTIVE_ARCH = YES;
				SDKROOT = iphoneos;
				SWIFT_OPTIMIZATION_LEVEL = "-Onone";
			};
			name = Debug;
		};
		8EFBB0421A45F015003DDDC9 /* Release */ = {
			isa = XCBuildConfiguration;
			buildSettings = {
				ALWAYS_SEARCH_USER_PATHS = NO;
				CLANG_CXX_LANGUAGE_STANDARD = "gnu++0x";
				CLANG_CXX_LIBRARY = "libc++";
				CLANG_ENABLE_MODULES = YES;
				CLANG_ENABLE_OBJC_ARC = YES;
				CLANG_WARN_BOOL_CONVERSION = YES;
				CLANG_WARN_CONSTANT_CONVERSION = YES;
				CLANG_WARN_DIRECT_OBJC_ISA_USAGE = YES_ERROR;
				CLANG_WARN_EMPTY_BODY = YES;
				CLANG_WARN_ENUM_CONVERSION = YES;
				CLANG_WARN_INT_CONVERSION = YES;
				CLANG_WARN_OBJC_ROOT_CLASS = YES_ERROR;
				CLANG_WARN_UNREACHABLE_CODE = YES;
				CLANG_WARN__DUPLICATE_METHOD_MATCH = YES;
				"CODE_SIGN_IDENTITY[sdk=iphoneos*]" = "iPhone Developer";
				COPY_PHASE_STRIP = YES;
				ENABLE_NS_ASSERTIONS = NO;
				ENABLE_STRICT_OBJC_MSGSEND = YES;
				GCC_C_LANGUAGE_STANDARD = gnu99;
				GCC_WARN_64_TO_32_BIT_CONVERSION = YES;
				GCC_WARN_ABOUT_RETURN_TYPE = YES_ERROR;
				GCC_WARN_UNDECLARED_SELECTOR = YES;
				GCC_WARN_UNINITIALIZED_AUTOS = YES_AGGRESSIVE;
				GCC_WARN_UNUSED_FUNCTION = YES;
				GCC_WARN_UNUSED_VARIABLE = YES;
				IPHONEOS_DEPLOYMENT_TARGET = 8.2;
				MTL_ENABLE_DEBUG_INFO = NO;
				SDKROOT = iphoneos;
				VALIDATE_PRODUCT = YES;
			};
			name = Release;
		};
		8EFBB0441A45F015003DDDC9 /* Debug */ = {
			isa = XCBuildConfiguration;
			buildSettings = {
				ASSETCATALOG_COMPILER_APPICON_NAME = AppIcon;
				INFOPLIST_FILE = FlowList/Info.plist;
				LD_RUNPATH_SEARCH_PATHS = "$(inherited) @executable_path/Frameworks";
				PRODUCT_NAME = "$(TARGET_NAME)";
			};
			name = Debug;
		};
		8EFBB0451A45F015003DDDC9 /* Release */ = {
			isa = XCBuildConfiguration;
			buildSettings = {
				ASSETCATALOG_COMPILER_APPICON_NAME = AppIcon;
				INFOPLIST_FILE = FlowList/Info.plist;
				LD_RUNPATH_SEARCH_PATHS = "$(inherited) @executable_path/Frameworks";
				PRODUCT_NAME = "$(TARGET_NAME)";
			};
			name = Release;
		};
		8EFBB0471A45F015003DDDC9 /* Debug */ = {
			isa = XCBuildConfiguration;
			buildSettings = {
				BUNDLE_LOADER = "$(TEST_HOST)";
				FRAMEWORK_SEARCH_PATHS = (
					"$(SDKROOT)/Developer/Library/Frameworks",
					"$(inherited)",
				);
				GCC_PREPROCESSOR_DEFINITIONS = (
					"DEBUG=1",
					"$(inherited)",
				);
				INFOPLIST_FILE = FlowListTests/Info.plist;
				LD_RUNPATH_SEARCH_PATHS = "$(inherited) @executable_path/Frameworks @loader_path/Frameworks";
				PRODUCT_NAME = "$(TARGET_NAME)";
				TEST_HOST = "$(BUILT_PRODUCTS_DIR)/FlowList.app/FlowList";
			};
			name = Debug;
		};
		8EFBB0481A45F015003DDDC9 /* Release */ = {
			isa = XCBuildConfiguration;
			buildSettings = {
				BUNDLE_LOADER = "$(TEST_HOST)";
				FRAMEWORK_SEARCH_PATHS = (
					"$(SDKROOT)/Developer/Library/Frameworks",
					"$(inherited)",
				);
				INFOPLIST_FILE = FlowListTests/Info.plist;
				LD_RUNPATH_SEARCH_PATHS = "$(inherited) @executable_path/Frameworks @loader_path/Frameworks";
				PRODUCT_NAME = "$(TARGET_NAME)";
				TEST_HOST = "$(BUILT_PRODUCTS_DIR)/FlowList.app/FlowList";
			};
			name = Release;
		};
/* End XCBuildConfiguration section */

/* Begin XCConfigurationList section */
		8EFBB01F1A45F015003DDDC9 /* Build configuration list for PBXProject "FlowList" */ = {
			isa = XCConfigurationList;
			buildConfigurations = (
				8EFBB0411A45F015003DDDC9 /* Debug */,
				8EFBB0421A45F015003DDDC9 /* Release */,
			);
			defaultConfigurationIsVisible = 0;
			defaultConfigurationName = Release;
		};
		8EFBB0431A45F015003DDDC9 /* Build configuration list for PBXNativeTarget "FlowList" */ = {
			isa = XCConfigurationList;
			buildConfigurations = (
				8EFBB0441A45F015003DDDC9 /* Debug */,
				8EFBB0451A45F015003DDDC9 /* Release */,
			);
			defaultConfigurationIsVisible = 0;
			defaultConfigurationName = Release;
		};
		8EFBB0461A45F015003DDDC9 /* Build configuration list for PBXNativeTarget "FlowListTests" */ = {
			isa = XCConfigurationList;
			buildConfigurations = (
				8EFBB0471A45F015003DDDC9 /* Debug */,
				8EFBB0481A45F015003DDDC9 /* Release */,
			);
			defaultConfigurationIsVisible = 0;
			defaultConfigurationName = Release;
		};
/* End XCConfigurationList section */
	};
	rootObject = 8EFBB01C1A45F015003DDDC9 /* Project object */;
}
