// !$*UTF8*$!
{
	archiveVersion = 1;
	classes = {
	};
	objectVersion = 46;
	objects = {

/* Begin PBXBuildFile section */
		2771766947F92154B109CAC6 /* libPods-FlowListTests.a in Frameworks */ = {isa = PBXBuildFile; fileRef = 1EC19C9B2183F57F5E2CB31B /* libPods-FlowListTests.a */; };
		8E2C89B71A56665F00293333 /* FLPlayerWireframe.swift in Sources */ = {isa = PBXBuildFile; fileRef = 8E2C89B61A56665F00293333 /* FLPlayerWireframe.swift */; };
		8E2C89BA1A5666A000293333 /* FLPlayerViewController.swift in Sources */ = {isa = PBXBuildFile; fileRef = 8E2C89B91A5666A000293333 /* FLPlayerViewController.swift */; };
		8E2C89BD1A566D4400293333 /* FLPlayerPresenter.swift in Sources */ = {isa = PBXBuildFile; fileRef = 8E2C89BC1A566D4400293333 /* FLPlayerPresenter.swift */; };
		8E2C89C01A566D5900293333 /* FLPlayerInteractor.swift in Sources */ = {isa = PBXBuildFile; fileRef = 8E2C89BF1A566D5900293333 /* FLPlayerInteractor.swift */; };
		8E2C89C11A566D5900293333 /* FLPlayerInteractor.swift in Sources */ = {isa = PBXBuildFile; fileRef = 8E2C89BF1A566D5900293333 /* FLPlayerInteractor.swift */; };
		8E2C89C31A566D9500293333 /* FLPlayerDataManger.swift in Sources */ = {isa = PBXBuildFile; fileRef = 8E2C89C21A566D9500293333 /* FLPlayerDataManger.swift */; };
		8E2C89C41A566D9500293333 /* FLPlayerDataManger.swift in Sources */ = {isa = PBXBuildFile; fileRef = 8E2C89C21A566D9500293333 /* FLPlayerDataManger.swift */; };
		8E2C89C71A566E1C00293333 /* FLRootContainerController.swift in Sources */ = {isa = PBXBuildFile; fileRef = 8E2C89C61A566E1C00293333 /* FLRootContainerController.swift */; };
		8E2C89CD1A56749300293333 /* FLRootContainerPresenter.swift in Sources */ = {isa = PBXBuildFile; fileRef = 8E2C89CC1A56749300293333 /* FLRootContainerPresenter.swift */; };
		8E2C89D01A5679C500293333 /* FLPlayerViewIO.swift in Sources */ = {isa = PBXBuildFile; fileRef = 8E2C89CF1A5679C500293333 /* FLPlayerViewIO.swift */; };
		8E2C89D31A5679FE00293333 /* FLPlayerInteractorIO.swift in Sources */ = {isa = PBXBuildFile; fileRef = 8E2C89D21A5679FE00293333 /* FLPlayerInteractorIO.swift */; };
		8E2C89D41A5679FE00293333 /* FLPlayerInteractorIO.swift in Sources */ = {isa = PBXBuildFile; fileRef = 8E2C89D21A5679FE00293333 /* FLPlayerInteractorIO.swift */; };
		8E2C89D61A56807300293333 /* FLRootContainerViewIO.swift in Sources */ = {isa = PBXBuildFile; fileRef = 8E2C89D51A56807300293333 /* FLRootContainerViewIO.swift */; };
		8E2C89E51A58995000293333 /* FLPauseIcon.swift in Sources */ = {isa = PBXBuildFile; fileRef = 8E2C89E41A58995000293333 /* FLPauseIcon.swift */; };
		8E2C89E71A58996000293333 /* FLPlayIcon.swift in Sources */ = {isa = PBXBuildFile; fileRef = 8E2C89E61A58996000293333 /* FLPlayIcon.swift */; };
		8E2C89E91A59D37600293333 /* FLPlayPauseButton.swift in Sources */ = {isa = PBXBuildFile; fileRef = 8E2C89E81A59D37600293333 /* FLPlayPauseButton.swift */; };
		8E2C89EE1A5B6DB200293333 /* FLLikeButton.swift in Sources */ = {isa = PBXBuildFile; fileRef = 8E2C89ED1A5B6DB200293333 /* FLLikeButton.swift */; };
		8E2C89F01A5B6FA100293333 /* FLHeartIcon.swift in Sources */ = {isa = PBXBuildFile; fileRef = 8E2C89EF1A5B6FA100293333 /* FLHeartIcon.swift */; };
		8E2E6E641A5086FD00DE49C9 /* Feed_Usecases.rtf in Resources */ = {isa = PBXBuildFile; fileRef = 8E2E6E631A5086FD00DE49C9 /* Feed_Usecases.rtf */; };
		8E2E6E691A50945500DE49C9 /* FLSongItemTests.swift in Sources */ = {isa = PBXBuildFile; fileRef = 8E2E6E681A50945500DE49C9 /* FLSongItemTests.swift */; };
		8E2E6E6B1A50ADF200DE49C9 /* FLSongItem.swift in Sources */ = {isa = PBXBuildFile; fileRef = 8E2E6E6A1A50ADF200DE49C9 /* FLSongItem.swift */; };
		8E2E6E6C1A50ADF200DE49C9 /* FLSongItem.swift in Sources */ = {isa = PBXBuildFile; fileRef = 8E2E6E6A1A50ADF200DE49C9 /* FLSongItem.swift */; };
		8E2E6E6E1A50C1EE00DE49C9 /* FLFeedInteractor.swift in Sources */ = {isa = PBXBuildFile; fileRef = 8E2E6E6D1A50C1EE00DE49C9 /* FLFeedInteractor.swift */; };
		8E2E6E6F1A50C1EE00DE49C9 /* FLFeedInteractor.swift in Sources */ = {isa = PBXBuildFile; fileRef = 8E2E6E6D1A50C1EE00DE49C9 /* FLFeedInteractor.swift */; };
		8E2E6E721A50CCEE00DE49C9 /* FLFeedNetworkService.swift in Sources */ = {isa = PBXBuildFile; fileRef = 8E2E6E711A50CCEE00DE49C9 /* FLFeedNetworkService.swift */; };
		8E2E6E731A50CCEE00DE49C9 /* FLFeedNetworkService.swift in Sources */ = {isa = PBXBuildFile; fileRef = 8E2E6E711A50CCEE00DE49C9 /* FLFeedNetworkService.swift */; };
		8E2E6E751A511A8300DE49C9 /* SwiftyJSON.swift in Sources */ = {isa = PBXBuildFile; fileRef = 8E2E6E741A511A8300DE49C9 /* SwiftyJSON.swift */; };
		8E2E6E761A511A8300DE49C9 /* SwiftyJSON.swift in Sources */ = {isa = PBXBuildFile; fileRef = 8E2E6E741A511A8300DE49C9 /* SwiftyJSON.swift */; };
		8E2E6E781A511BB500DE49C9 /* FLFeedDataManager.swift in Sources */ = {isa = PBXBuildFile; fileRef = 8E2E6E771A511BB500DE49C9 /* FLFeedDataManager.swift */; };
		8E2E6E791A511BB500DE49C9 /* FLFeedDataManager.swift in Sources */ = {isa = PBXBuildFile; fileRef = 8E2E6E771A511BB500DE49C9 /* FLFeedDataManager.swift */; };
		8E36F6161A46171600DD88D8 /* GoDJ.mp3 in Resources */ = {isa = PBXBuildFile; fileRef = 8E36F6151A46171600DD88D8 /* GoDJ.mp3 */; };
		8E3D38CA1A52086500BFDD12 /* FLRootWireframe.swift in Sources */ = {isa = PBXBuildFile; fileRef = 8E3D38C91A52086500BFDD12 /* FLRootWireframe.swift */; };
		8E3D38CC1A52092C00BFDD12 /* FLAppDependencies .swift in Sources */ = {isa = PBXBuildFile; fileRef = 8E3D38CB1A52092C00BFDD12 /* FLAppDependencies .swift */; };
		8E3D38CE1A520C0400BFDD12 /* FLFeedViewController.swift in Sources */ = {isa = PBXBuildFile; fileRef = 8E3D38CD1A520C0400BFDD12 /* FLFeedViewController.swift */; };
		8E3D38D01A520C4700BFDD12 /* FLFeedPresenter.swift in Sources */ = {isa = PBXBuildFile; fileRef = 8E3D38CF1A520C4700BFDD12 /* FLFeedPresenter.swift */; };
		8E3D38D31A520CFB00BFDD12 /* FLFeedWireframe.swift in Sources */ = {isa = PBXBuildFile; fileRef = 8E3D38D21A520CFB00BFDD12 /* FLFeedWireframe.swift */; };
		8E3D38D51A521C2400BFDD12 /* FLFeedViewIO.swift in Sources */ = {isa = PBXBuildFile; fileRef = 8E3D38D41A521C2400BFDD12 /* FLFeedViewIO.swift */; };
		8E3D39091A523A0100BFDD12 /* FLFeedInteractorIO.swift in Sources */ = {isa = PBXBuildFile; fileRef = 8E3D39081A523A0100BFDD12 /* FLFeedInteractorIO.swift */; };
		8E3DE31A1A55FBAB00FB79FC /* FLUpvoteIcon.swift in Sources */ = {isa = PBXBuildFile; fileRef = 8E3DE3191A55FBAB00FB79FC /* FLUpvoteIcon.swift */; };
		8E3DE3281A56009700FB79FC /* FLVectorIcon.swift in Sources */ = {isa = PBXBuildFile; fileRef = 8E3DE3271A56009700FB79FC /* FLVectorIcon.swift */; };
		8E624AE51A47294100472E9B /* Alamofire.framework in Copy Frameworks */ = {isa = PBXBuildFile; fileRef = 8E624ADF1A4728CD00472E9B /* Alamofire.framework */; settings = {ATTRIBUTES = (CodeSignOnCopy, RemoveHeadersOnCopy, ); }; };
		8E8ECCEB1A5B824200373FFB /* Player_Usecases.rtf in Resources */ = {isa = PBXBuildFile; fileRef = 8E8ECCEA1A5B824200373FFB /* Player_Usecases.rtf */; };
		8E8ECCED1A5BADA900373FFB /* FLUpvoteButton.swift in Sources */ = {isa = PBXBuildFile; fileRef = 8E8ECCEC1A5BADA900373FFB /* FLUpvoteButton.swift */; };
		8E8ECCF01A5BB69400373FFB /* FLFeedHeaderView.swift in Sources */ = {isa = PBXBuildFile; fileRef = 8E8ECCEF1A5BB69400373FFB /* FLFeedHeaderView.swift */; };
		8EAAA1481A5361150041BD16 /* FLColorPalette.swift in Sources */ = {isa = PBXBuildFile; fileRef = 8EAAA1471A5361150041BD16 /* FLColorPalette.swift */; };
		8EAAA14D1A5533FB0041BD16 /* FLFeedTableCell.swift in Sources */ = {isa = PBXBuildFile; fileRef = 8EAAA14C1A5533FB0041BD16 /* FLFeedTableCell.swift */; };
		8ECE982A1A523DA50052FCA0 /* FLFeedInteractorIO.swift in Sources */ = {isa = PBXBuildFile; fileRef = 8E3D39081A523A0100BFDD12 /* FLFeedInteractorIO.swift */; };
		8EFBB02A1A45F015003DDDC9 /* AppDelegate.swift in Sources */ = {isa = PBXBuildFile; fileRef = 8EFBB0291A45F015003DDDC9 /* AppDelegate.swift */; };
		8EFBB02F1A45F015003DDDC9 /* Main.storyboard in Resources */ = {isa = PBXBuildFile; fileRef = 8EFBB02D1A45F015003DDDC9 /* Main.storyboard */; };
		8EFBB0311A45F015003DDDC9 /* Images.xcassets in Resources */ = {isa = PBXBuildFile; fileRef = 8EFBB0301A45F015003DDDC9 /* Images.xcassets */; };
		8EFBB0341A45F015003DDDC9 /* LaunchScreen.xib in Resources */ = {isa = PBXBuildFile; fileRef = 8EFBB0321A45F015003DDDC9 /* LaunchScreen.xib */; };
		A41F3B02375B7518E181A79F /* libPods-FlowList.a in Frameworks */ = {isa = PBXBuildFile; fileRef = BA7C4C4184AF2FB2E444196C /* libPods-FlowList.a */; };
/* End PBXBuildFile section */

/* Begin PBXContainerItemProxy section */
		8E624ADE1A4728CD00472E9B /* PBXContainerItemProxy */ = {
			isa = PBXContainerItemProxy;
			containerPortal = 8E624AD91A4728CD00472E9B /* Alamofire.xcodeproj */;
			proxyType = 2;
			remoteGlobalIDString = F8111E3319A95C8B0040E7D1;
			remoteInfo = Alamofire;
		};
		8E624AE01A4728CD00472E9B /* PBXContainerItemProxy */ = {
			isa = PBXContainerItemProxy;
			containerPortal = 8E624AD91A4728CD00472E9B /* Alamofire.xcodeproj */;
			proxyType = 2;
			remoteGlobalIDString = F8111E3E19A95C8B0040E7D1;
			remoteInfo = AlamofireTests;
		};
		8E624AE21A4728FE00472E9B /* PBXContainerItemProxy */ = {
			isa = PBXContainerItemProxy;
			containerPortal = 8E624AD91A4728CD00472E9B /* Alamofire.xcodeproj */;
			proxyType = 1;
			remoteGlobalIDString = F8111E3219A95C8B0040E7D1;
			remoteInfo = Alamofire;
		};
		8EFBB03A1A45F015003DDDC9 /* PBXContainerItemProxy */ = {
			isa = PBXContainerItemProxy;
			containerPortal = 8EFBB01C1A45F015003DDDC9 /* Project object */;
			proxyType = 1;
			remoteGlobalIDString = 8EFBB0231A45F015003DDDC9;
			remoteInfo = FlowList;
		};
/* End PBXContainerItemProxy section */

/* Begin PBXCopyFilesBuildPhase section */
		8E624AE41A47291300472E9B /* Copy Frameworks */ = {
			isa = PBXCopyFilesBuildPhase;
			buildActionMask = 2147483647;
			dstPath = "";
			dstSubfolderSpec = 10;
			files = (
				8E624AE51A47294100472E9B /* Alamofire.framework in Copy Frameworks */,
			);
			name = "Copy Frameworks";
			runOnlyForDeploymentPostprocessing = 0;
		};
/* End PBXCopyFilesBuildPhase section */

/* Begin PBXFileReference section */
		01EAE4507B2D77ADF373ED54 /* Pods-FlowList.debug.xcconfig */ = {isa = PBXFileReference; includeInIndex = 1; lastKnownFileType = text.xcconfig; name = "Pods-FlowList.debug.xcconfig"; path = "Pods/Target Support Files/Pods-FlowList/Pods-FlowList.debug.xcconfig"; sourceTree = "<group>"; };
		1EC19C9B2183F57F5E2CB31B /* libPods-FlowListTests.a */ = {isa = PBXFileReference; explicitFileType = archive.ar; includeInIndex = 0; path = "libPods-FlowListTests.a"; sourceTree = BUILT_PRODUCTS_DIR; };
		4FE78C3A7BA81B0A3316C9CE /* Pods-FlowListTests.debug.xcconfig */ = {isa = PBXFileReference; includeInIndex = 1; lastKnownFileType = text.xcconfig; name = "Pods-FlowListTests.debug.xcconfig"; path = "Pods/Target Support Files/Pods-FlowListTests/Pods-FlowListTests.debug.xcconfig"; sourceTree = "<group>"; };
		5D0840D31A70F1DF5623C4FA /* Pods-FlowList.release.xcconfig */ = {isa = PBXFileReference; includeInIndex = 1; lastKnownFileType = text.xcconfig; name = "Pods-FlowList.release.xcconfig"; path = "Pods/Target Support Files/Pods-FlowList/Pods-FlowList.release.xcconfig"; sourceTree = "<group>"; };
		8BB8DA6A55063CE7A3D32BB2 /* Pods-FlowListTests.release.xcconfig */ = {isa = PBXFileReference; includeInIndex = 1; lastKnownFileType = text.xcconfig; name = "Pods-FlowListTests.release.xcconfig"; path = "Pods/Target Support Files/Pods-FlowListTests/Pods-FlowListTests.release.xcconfig"; sourceTree = "<group>"; };
		8E2C89B61A56665F00293333 /* FLPlayerWireframe.swift */ = {isa = PBXFileReference; fileEncoding = 4; lastKnownFileType = sourcecode.swift; path = FLPlayerWireframe.swift; sourceTree = "<group>"; };
		8E2C89B91A5666A000293333 /* FLPlayerViewController.swift */ = {isa = PBXFileReference; fileEncoding = 4; lastKnownFileType = sourcecode.swift; path = FLPlayerViewController.swift; sourceTree = "<group>"; };
		8E2C89BC1A566D4400293333 /* FLPlayerPresenter.swift */ = {isa = PBXFileReference; fileEncoding = 4; lastKnownFileType = sourcecode.swift; path = FLPlayerPresenter.swift; sourceTree = "<group>"; };
		8E2C89BF1A566D5900293333 /* FLPlayerInteractor.swift */ = {isa = PBXFileReference; fileEncoding = 4; lastKnownFileType = sourcecode.swift; path = FLPlayerInteractor.swift; sourceTree = "<group>"; };
		8E2C89C21A566D9500293333 /* FLPlayerDataManger.swift */ = {isa = PBXFileReference; fileEncoding = 4; lastKnownFileType = sourcecode.swift; path = FLPlayerDataManger.swift; sourceTree = "<group>"; };
		8E2C89C61A566E1C00293333 /* FLRootContainerController.swift */ = {isa = PBXFileReference; fileEncoding = 4; lastKnownFileType = sourcecode.swift; path = FLRootContainerController.swift; sourceTree = "<group>"; };
		8E2C89CC1A56749300293333 /* FLRootContainerPresenter.swift */ = {isa = PBXFileReference; fileEncoding = 4; lastKnownFileType = sourcecode.swift; path = FLRootContainerPresenter.swift; sourceTree = "<group>"; };
		8E2C89CF1A5679C500293333 /* FLPlayerViewIO.swift */ = {isa = PBXFileReference; fileEncoding = 4; lastKnownFileType = sourcecode.swift; path = FLPlayerViewIO.swift; sourceTree = "<group>"; };
		8E2C89D21A5679FE00293333 /* FLPlayerInteractorIO.swift */ = {isa = PBXFileReference; fileEncoding = 4; lastKnownFileType = sourcecode.swift; path = FLPlayerInteractorIO.swift; sourceTree = "<group>"; };
		8E2C89D51A56807300293333 /* FLRootContainerViewIO.swift */ = {isa = PBXFileReference; fileEncoding = 4; lastKnownFileType = sourcecode.swift; path = FLRootContainerViewIO.swift; sourceTree = "<group>"; };
		8E2C89E11A588D1800293333 /* FlowListTests-Bridging-Header.h */ = {isa = PBXFileReference; fileEncoding = 4; lastKnownFileType = sourcecode.c.h; name = "FlowListTests-Bridging-Header.h"; path = "../FlowList/FlowListTests-Bridging-Header.h"; sourceTree = "<group>"; };
		8E2C89E41A58995000293333 /* FLPauseIcon.swift */ = {isa = PBXFileReference; fileEncoding = 4; lastKnownFileType = sourcecode.swift; path = FLPauseIcon.swift; sourceTree = "<group>"; };
		8E2C89E61A58996000293333 /* FLPlayIcon.swift */ = {isa = PBXFileReference; fileEncoding = 4; lastKnownFileType = sourcecode.swift; path = FLPlayIcon.swift; sourceTree = "<group>"; };
		8E2C89E81A59D37600293333 /* FLPlayPauseButton.swift */ = {isa = PBXFileReference; fileEncoding = 4; lastKnownFileType = sourcecode.swift; path = FLPlayPauseButton.swift; sourceTree = "<group>"; };
		8E2C89ED1A5B6DB200293333 /* FLLikeButton.swift */ = {isa = PBXFileReference; fileEncoding = 4; lastKnownFileType = sourcecode.swift; path = FLLikeButton.swift; sourceTree = "<group>"; };
		8E2C89EF1A5B6FA100293333 /* FLHeartIcon.swift */ = {isa = PBXFileReference; fileEncoding = 4; lastKnownFileType = sourcecode.swift; path = FLHeartIcon.swift; sourceTree = "<group>"; };
		8E2E6E631A5086FD00DE49C9 /* Feed_Usecases.rtf */ = {isa = PBXFileReference; fileEncoding = 4; lastKnownFileType = text.rtf; path = Feed_Usecases.rtf; sourceTree = "<group>"; };
		8E2E6E681A50945500DE49C9 /* FLSongItemTests.swift */ = {isa = PBXFileReference; fileEncoding = 4; lastKnownFileType = sourcecode.swift; path = FLSongItemTests.swift; sourceTree = "<group>"; };
		8E2E6E6A1A50ADF200DE49C9 /* FLSongItem.swift */ = {isa = PBXFileReference; fileEncoding = 4; lastKnownFileType = sourcecode.swift; path = FLSongItem.swift; sourceTree = "<group>"; };
		8E2E6E6D1A50C1EE00DE49C9 /* FLFeedInteractor.swift */ = {isa = PBXFileReference; fileEncoding = 4; lastKnownFileType = sourcecode.swift; path = FLFeedInteractor.swift; sourceTree = "<group>"; };
		8E2E6E711A50CCEE00DE49C9 /* FLFeedNetworkService.swift */ = {isa = PBXFileReference; fileEncoding = 4; lastKnownFileType = sourcecode.swift; path = FLFeedNetworkService.swift; sourceTree = "<group>"; };
		8E2E6E741A511A8300DE49C9 /* SwiftyJSON.swift */ = {isa = PBXFileReference; fileEncoding = 4; lastKnownFileType = sourcecode.swift; path = SwiftyJSON.swift; sourceTree = "<group>"; };
		8E2E6E771A511BB500DE49C9 /* FLFeedDataManager.swift */ = {isa = PBXFileReference; fileEncoding = 4; lastKnownFileType = sourcecode.swift; path = FLFeedDataManager.swift; sourceTree = "<group>"; };
		8E36F6151A46171600DD88D8 /* GoDJ.mp3 */ = {isa = PBXFileReference; lastKnownFileType = audio.mp3; name = GoDJ.mp3; path = ../GoDJ.mp3; sourceTree = "<group>"; };
		8E3D38C91A52086500BFDD12 /* FLRootWireframe.swift */ = {isa = PBXFileReference; fileEncoding = 4; lastKnownFileType = sourcecode.swift; path = FLRootWireframe.swift; sourceTree = "<group>"; };
		8E3D38CB1A52092C00BFDD12 /* FLAppDependencies .swift */ = {isa = PBXFileReference; fileEncoding = 4; lastKnownFileType = sourcecode.swift; path = "FLAppDependencies .swift"; sourceTree = "<group>"; };
		8E3D38CD1A520C0400BFDD12 /* FLFeedViewController.swift */ = {isa = PBXFileReference; fileEncoding = 4; lastKnownFileType = sourcecode.swift; path = FLFeedViewController.swift; sourceTree = "<group>"; };
		8E3D38CF1A520C4700BFDD12 /* FLFeedPresenter.swift */ = {isa = PBXFileReference; fileEncoding = 4; lastKnownFileType = sourcecode.swift; path = FLFeedPresenter.swift; sourceTree = "<group>"; };
		8E3D38D21A520CFB00BFDD12 /* FLFeedWireframe.swift */ = {isa = PBXFileReference; fileEncoding = 4; lastKnownFileType = sourcecode.swift; path = FLFeedWireframe.swift; sourceTree = "<group>"; };
		8E3D38D41A521C2400BFDD12 /* FLFeedViewIO.swift */ = {isa = PBXFileReference; fileEncoding = 4; lastKnownFileType = sourcecode.swift; path = FLFeedViewIO.swift; sourceTree = "<group>"; };
		8E3D39081A523A0100BFDD12 /* FLFeedInteractorIO.swift */ = {isa = PBXFileReference; fileEncoding = 4; lastKnownFileType = sourcecode.swift; path = FLFeedInteractorIO.swift; sourceTree = "<group>"; };
		8E3DE3191A55FBAB00FB79FC /* FLUpvoteIcon.swift */ = {isa = PBXFileReference; fileEncoding = 4; lastKnownFileType = sourcecode.swift; path = FLUpvoteIcon.swift; sourceTree = "<group>"; };
		8E3DE3261A55FF7200FB79FC /* FlowList-Bridging-Header.h */ = {isa = PBXFileReference; fileEncoding = 4; lastKnownFileType = sourcecode.c.h; path = "FlowList-Bridging-Header.h"; sourceTree = "<group>"; };
		8E3DE3271A56009700FB79FC /* FLVectorIcon.swift */ = {isa = PBXFileReference; fileEncoding = 4; lastKnownFileType = sourcecode.swift; path = FLVectorIcon.swift; sourceTree = "<group>"; };
		8E624AD91A4728CD00472E9B /* Alamofire.xcodeproj */ = {isa = PBXFileReference; lastKnownFileType = "wrapper.pb-project"; name = Alamofire.xcodeproj; path = Alamofire/Alamofire.xcodeproj; sourceTree = "<group>"; };
		8E8ECCEA1A5B824200373FFB /* Player_Usecases.rtf */ = {isa = PBXFileReference; fileEncoding = 4; lastKnownFileType = text.rtf; path = Player_Usecases.rtf; sourceTree = "<group>"; };
		8E8ECCEC1A5BADA900373FFB /* FLUpvoteButton.swift */ = {isa = PBXFileReference; fileEncoding = 4; lastKnownFileType = sourcecode.swift; path = FLUpvoteButton.swift; sourceTree = "<group>"; };
		8E8ECCEF1A5BB69400373FFB /* FLFeedHeaderView.swift */ = {isa = PBXFileReference; fileEncoding = 4; lastKnownFileType = sourcecode.swift; path = FLFeedHeaderView.swift; sourceTree = "<group>"; };
		8EAAA1471A5361150041BD16 /* FLColorPalette.swift */ = {isa = PBXFileReference; fileEncoding = 4; lastKnownFileType = sourcecode.swift; path = FLColorPalette.swift; sourceTree = "<group>"; };
		8EAAA14C1A5533FB0041BD16 /* FLFeedTableCell.swift */ = {isa = PBXFileReference; fileEncoding = 4; lastKnownFileType = sourcecode.swift; path = FLFeedTableCell.swift; sourceTree = "<group>"; };
		8EFBB0241A45F015003DDDC9 /* FlowList.app */ = {isa = PBXFileReference; explicitFileType = wrapper.application; includeInIndex = 0; path = FlowList.app; sourceTree = BUILT_PRODUCTS_DIR; };
		8EFBB0281A45F015003DDDC9 /* Info.plist */ = {isa = PBXFileReference; lastKnownFileType = text.plist.xml; path = Info.plist; sourceTree = "<group>"; };
		8EFBB0291A45F015003DDDC9 /* AppDelegate.swift */ = {isa = PBXFileReference; lastKnownFileType = sourcecode.swift; path = AppDelegate.swift; sourceTree = "<group>"; };
		8EFBB02E1A45F015003DDDC9 /* Base */ = {isa = PBXFileReference; lastKnownFileType = file.storyboard; name = Base; path = Base.lproj/Main.storyboard; sourceTree = "<group>"; };
		8EFBB0301A45F015003DDDC9 /* Images.xcassets */ = {isa = PBXFileReference; lastKnownFileType = folder.assetcatalog; path = Images.xcassets; sourceTree = "<group>"; };
		8EFBB0331A45F015003DDDC9 /* Base */ = {isa = PBXFileReference; lastKnownFileType = file.xib; name = Base; path = Base.lproj/LaunchScreen.xib; sourceTree = "<group>"; };
		8EFBB0391A45F015003DDDC9 /* FlowListTests.xctest */ = {isa = PBXFileReference; explicitFileType = wrapper.cfbundle; includeInIndex = 0; path = FlowListTests.xctest; sourceTree = BUILT_PRODUCTS_DIR; };
		8EFBB03E1A45F015003DDDC9 /* Info.plist */ = {isa = PBXFileReference; lastKnownFileType = text.plist.xml; path = Info.plist; sourceTree = "<group>"; };
		BA7C4C4184AF2FB2E444196C /* libPods-FlowList.a */ = {isa = PBXFileReference; explicitFileType = archive.ar; includeInIndex = 0; path = "libPods-FlowList.a"; sourceTree = BUILT_PRODUCTS_DIR; };
/* End PBXFileReference section */

/* Begin PBXFrameworksBuildPhase section */
		8EFBB0211A45F015003DDDC9 /* Frameworks */ = {
			isa = PBXFrameworksBuildPhase;
			buildActionMask = 2147483647;
			files = (
				A41F3B02375B7518E181A79F /* libPods-FlowList.a in Frameworks */,
			);
			runOnlyForDeploymentPostprocessing = 0;
		};
		8EFBB0361A45F015003DDDC9 /* Frameworks */ = {
			isa = PBXFrameworksBuildPhase;
			buildActionMask = 2147483647;
			files = (
				2771766947F92154B109CAC6 /* libPods-FlowListTests.a in Frameworks */,
			);
			runOnlyForDeploymentPostprocessing = 0;
		};
/* End PBXFrameworksBuildPhase section */

/* Begin PBXGroup section */
		1D9D254FF910097823A14C3A /* Pods */ = {
			isa = PBXGroup;
			children = (
				01EAE4507B2D77ADF373ED54 /* Pods-FlowList.debug.xcconfig */,
				5D0840D31A70F1DF5623C4FA /* Pods-FlowList.release.xcconfig */,
				4FE78C3A7BA81B0A3316C9CE /* Pods-FlowListTests.debug.xcconfig */,
				8BB8DA6A55063CE7A3D32BB2 /* Pods-FlowListTests.release.xcconfig */,
			);
			name = Pods;
			sourceTree = "<group>";
		};
		8E2C89AF1A56629600293333 /* Player */ = {
			isa = PBXGroup;
			children = (
				8E2C89B01A5665AA00293333 /* Wireframe */,
				8E2C89B11A5665B100293333 /* View */,
				8E2C89B21A5665C000293333 /* Presenter */,
				8E2C89B31A5665C800293333 /* Interactor */,
				8E2C89B41A5665DE00293333 /* Data Manager */,
			);
			name = Player;
			sourceTree = "<group>";
		};
		8E2C89B01A5665AA00293333 /* Wireframe */ = {
			isa = PBXGroup;
			children = (
				8E2C89B61A56665F00293333 /* FLPlayerWireframe.swift */,
			);
			name = Wireframe;
			sourceTree = "<group>";
		};
		8E2C89B11A5665B100293333 /* View */ = {
			isa = PBXGroup;
			children = (
				8E2C89B91A5666A000293333 /* FLPlayerViewController.swift */,
				8E2C89CF1A5679C500293333 /* FLPlayerViewIO.swift */,
			);
			name = View;
			sourceTree = "<group>";
		};
		8E2C89B21A5665C000293333 /* Presenter */ = {
			isa = PBXGroup;
			children = (
				8E2C89BC1A566D4400293333 /* FLPlayerPresenter.swift */,
			);
			name = Presenter;
			sourceTree = "<group>";
		};
		8E2C89B31A5665C800293333 /* Interactor */ = {
			isa = PBXGroup;
			children = (
				8E2C89BF1A566D5900293333 /* FLPlayerInteractor.swift */,
				8E2C89D21A5679FE00293333 /* FLPlayerInteractorIO.swift */,
			);
			name = Interactor;
			sourceTree = "<group>";
		};
		8E2C89B41A5665DE00293333 /* Data Manager */ = {
			isa = PBXGroup;
			children = (
				8E2C89C21A566D9500293333 /* FLPlayerDataManger.swift */,
			);
			name = "Data Manager";
			sourceTree = "<group>";
		};
		8E2C89B51A56661800293333 /* Extensions */ = {
			isa = PBXGroup;
			children = (
				8EAAA1471A5361150041BD16 /* FLColorPalette.swift */,
			);
			name = Extensions;
			sourceTree = "<group>";
		};
		8E2C89C51A566DF300293333 /* Root Container */ = {
			isa = PBXGroup;
			children = (
				8E2C89C91A566EAA00293333 /* Wireframe */,
				8E2C89CA1A566EE600293333 /* View */,
				8E2C89CB1A56746800293333 /* Presenter */,
			);
			name = "Root Container";
			sourceTree = "<group>";
		};
		8E2C89C91A566EAA00293333 /* Wireframe */ = {
			isa = PBXGroup;
			children = (
				8E3D38C91A52086500BFDD12 /* FLRootWireframe.swift */,
			);
			name = Wireframe;
			sourceTree = "<group>";
		};
		8E2C89CA1A566EE600293333 /* View */ = {
			isa = PBXGroup;
			children = (
				8E2C89C61A566E1C00293333 /* FLRootContainerController.swift */,
				8E2C89D51A56807300293333 /* FLRootContainerViewIO.swift */,
			);
			name = View;
			sourceTree = "<group>";
		};
		8E2C89CB1A56746800293333 /* Presenter */ = {
			isa = PBXGroup;
			children = (
				8E2C89CC1A56749300293333 /* FLRootContainerPresenter.swift */,
			);
			name = Presenter;
			sourceTree = "<group>";
		};
		8E2C89EC1A5B6D5600293333 /* Icons */ = {
			isa = PBXGroup;
			children = (
				8E3DE3271A56009700FB79FC /* FLVectorIcon.swift */,
				8E2C89EF1A5B6FA100293333 /* FLHeartIcon.swift */,
				8E3DE3191A55FBAB00FB79FC /* FLUpvoteIcon.swift */,
				8E2C89E41A58995000293333 /* FLPauseIcon.swift */,
				8E2C89E61A58996000293333 /* FLPlayIcon.swift */,
			);
			name = Icons;
			sourceTree = "<group>";
		};
		8E2E6E5A1A50858A00DE49C9 /* Feed */ = {
			isa = PBXGroup;
			children = (
				8E3D38D11A520CE800BFDD12 /* Wireframe */,
				8E2E6E5C1A5085B000DE49C9 /* View */,
				8E2E6E5D1A5085B700DE49C9 /* Presenter */,
				8E2E6E5E1A5085C300DE49C9 /* Interactor */,
				8E2E6E5F1A5085D200DE49C9 /* Data Manager */,
				8E2E6E701A50CB7100DE49C9 /* Network Services */,
			);
			name = Feed;
			sourceTree = "<group>";
		};
		8E2E6E5B1A5085A600DE49C9 /* Modules */ = {
			isa = PBXGroup;
			children = (
				8E2C89C51A566DF300293333 /* Root Container */,
				8E2C89AF1A56629600293333 /* Player */,
				8E2E6E5A1A50858A00DE49C9 /* Feed */,
			);
			name = Modules;
			sourceTree = "<group>";
		};
		8E2E6E5C1A5085B000DE49C9 /* View */ = {
			isa = PBXGroup;
			children = (
				8E3D38CD1A520C0400BFDD12 /* FLFeedViewController.swift */,
				8E3D38D41A521C2400BFDD12 /* FLFeedViewIO.swift */,
				8EAAA14C1A5533FB0041BD16 /* FLFeedTableCell.swift */,
				8E8ECCEF1A5BB69400373FFB /* FLFeedHeaderView.swift */,
			);
			name = View;
			sourceTree = "<group>";
		};
		8E2E6E5D1A5085B700DE49C9 /* Presenter */ = {
			isa = PBXGroup;
			children = (
				8E3D38CF1A520C4700BFDD12 /* FLFeedPresenter.swift */,
			);
			name = Presenter;
			sourceTree = "<group>";
		};
		8E2E6E5E1A5085C300DE49C9 /* Interactor */ = {
			isa = PBXGroup;
			children = (
				8E2E6E6D1A50C1EE00DE49C9 /* FLFeedInteractor.swift */,
				8E3D39081A523A0100BFDD12 /* FLFeedInteractorIO.swift */,
			);
			name = Interactor;
			sourceTree = "<group>";
		};
		8E2E6E5F1A5085D200DE49C9 /* Data Manager */ = {
			isa = PBXGroup;
			children = (
				8E2E6E771A511BB500DE49C9 /* FLFeedDataManager.swift */,
			);
			name = "Data Manager";
			sourceTree = "<group>";
		};
		8E2E6E601A5085F600DE49C9 /* Entities */ = {
			isa = PBXGroup;
			children = (
				8E2E6E6A1A50ADF200DE49C9 /* FLSongItem.swift */,
			);
			name = Entities;
			sourceTree = "<group>";
		};
		8E2E6E621A5086C700DE49C9 /* Use Cases */ = {
			isa = PBXGroup;
			children = (
				8E2E6E631A5086FD00DE49C9 /* Feed_Usecases.rtf */,
				8E8ECCEA1A5B824200373FFB /* Player_Usecases.rtf */,
			);
			name = "Use Cases";
			sourceTree = "<group>";
		};
		8E2E6E701A50CB7100DE49C9 /* Network Services */ = {
			isa = PBXGroup;
			children = (
				8E2E6E711A50CCEE00DE49C9 /* FLFeedNetworkService.swift */,
			);
			name = "Network Services";
			sourceTree = "<group>";
		};
		8E3D38C71A5207E200BFDD12 /* Helpers */ = {
			isa = PBXGroup;
			children = (
				8E2E6E741A511A8300DE49C9 /* SwiftyJSON.swift */,
			);
			name = Helpers;
			sourceTree = "<group>";
		};
		8E3D38D11A520CE800BFDD12 /* Wireframe */ = {
			isa = PBXGroup;
			children = (
				8E3D38D21A520CFB00BFDD12 /* FLFeedWireframe.swift */,
			);
			name = Wireframe;
			sourceTree = "<group>";
		};
		8E624ADA1A4728CD00472E9B /* Products */ = {
			isa = PBXGroup;
			children = (
				8E624ADF1A4728CD00472E9B /* Alamofire.framework */,
				8E624AE11A4728CD00472E9B /* AlamofireTests.xctest */,
			);
			name = Products;
			sourceTree = "<group>";
		};
		8E8ECCEE1A5BB3F300373FFB /* Buttons */ = {
			isa = PBXGroup;
			children = (
				8E2C89E81A59D37600293333 /* FLPlayPauseButton.swift */,
				8E2C89ED1A5B6DB200293333 /* FLLikeButton.swift */,
				8E8ECCEC1A5BADA900373FFB /* FLUpvoteButton.swift */,
			);
			name = Buttons;
			sourceTree = "<group>";
		};
		8EAAA1441A535F0E0041BD16 /* Common */ = {
			isa = PBXGroup;
			children = (
				8E2C89B51A56661800293333 /* Extensions */,
				8E2E6E601A5085F600DE49C9 /* Entities */,
				8EAAA1461A5360DF0041BD16 /* View */,
				8E3D38C71A5207E200BFDD12 /* Helpers */,
			);
			name = Common;
			sourceTree = "<group>";
		};
		8EAAA1461A5360DF0041BD16 /* View */ = {
			isa = PBXGroup;
			children = (
				8E8ECCEE1A5BB3F300373FFB /* Buttons */,
				8E2C89EC1A5B6D5600293333 /* Icons */,
			);
			name = View;
			sourceTree = "<group>";
		};
		8EFBB01B1A45F015003DDDC9 = {
			isa = PBXGroup;
			children = (
				8E624AD91A4728CD00472E9B /* Alamofire.xcodeproj */,
				8EFBB0261A45F015003DDDC9 /* FlowList */,
				8EFBB03C1A45F015003DDDC9 /* FlowListTests */,
				8EFBB0251A45F015003DDDC9 /* Products */,
				1D9D254FF910097823A14C3A /* Pods */,
				9041F69F43E4F04AC6E6A3F3 /* Frameworks */,
			);
			sourceTree = "<group>";
		};
		8EFBB0251A45F015003DDDC9 /* Products */ = {
			isa = PBXGroup;
			children = (
				8EFBB0241A45F015003DDDC9 /* FlowList.app */,
				8EFBB0391A45F015003DDDC9 /* FlowListTests.xctest */,
			);
			name = Products;
			sourceTree = "<group>";
		};
		8EFBB0261A45F015003DDDC9 /* FlowList */ = {
			isa = PBXGroup;
			children = (
				8EFBB0291A45F015003DDDC9 /* AppDelegate.swift */,
				8E3D38CB1A52092C00BFDD12 /* FLAppDependencies .swift */,
				8EFBB02D1A45F015003DDDC9 /* Main.storyboard */,
				8EFBB0321A45F015003DDDC9 /* LaunchScreen.xib */,
				8EAAA1441A535F0E0041BD16 /* Common */,
				8E2E6E5B1A5085A600DE49C9 /* Modules */,
				8EFBB0271A45F015003DDDC9 /* Supporting Files */,
			);
			path = FlowList;
			sourceTree = "<group>";
		};
		8EFBB0271A45F015003DDDC9 /* Supporting Files */ = {
			isa = PBXGroup;
			children = (
				8EFBB0301A45F015003DDDC9 /* Images.xcassets */,
				8E2E6E621A5086C700DE49C9 /* Use Cases */,
				8E36F6151A46171600DD88D8 /* GoDJ.mp3 */,
				8EFBB0281A45F015003DDDC9 /* Info.plist */,
				8E3DE3261A55FF7200FB79FC /* FlowList-Bridging-Header.h */,
			);
			name = "Supporting Files";
			sourceTree = "<group>";
		};
		8EFBB03C1A45F015003DDDC9 /* FlowListTests */ = {
			isa = PBXGroup;
			children = (
				8E2E6E681A50945500DE49C9 /* FLSongItemTests.swift */,
				8EFBB03D1A45F015003DDDC9 /* Supporting Files */,
			);
			path = FlowListTests;
			sourceTree = "<group>";
		};
		8EFBB03D1A45F015003DDDC9 /* Supporting Files */ = {
			isa = PBXGroup;
			children = (
				8E2C89E11A588D1800293333 /* FlowListTests-Bridging-Header.h */,
				8EFBB03E1A45F015003DDDC9 /* Info.plist */,
			);
			name = "Supporting Files";
			sourceTree = "<group>";
		};
		9041F69F43E4F04AC6E6A3F3 /* Frameworks */ = {
			isa = PBXGroup;
			children = (
				BA7C4C4184AF2FB2E444196C /* libPods-FlowList.a */,
				1EC19C9B2183F57F5E2CB31B /* libPods-FlowListTests.a */,
			);
			name = Frameworks;
			sourceTree = "<group>";
		};
/* End PBXGroup section */

/* Begin PBXNativeTarget section */
		8EFBB0231A45F015003DDDC9 /* FlowList */ = {
			isa = PBXNativeTarget;
			buildConfigurationList = 8EFBB0431A45F015003DDDC9 /* Build configuration list for PBXNativeTarget "FlowList" */;
			buildPhases = (
				2C3746559901FCDF3C0761BA /* Check Pods Manifest.lock */,
				8EFBB0201A45F015003DDDC9 /* Sources */,
				8EFBB0211A45F015003DDDC9 /* Frameworks */,
				8EFBB0221A45F015003DDDC9 /* Resources */,
				3DBCD2A925E3AAE084E3AE24 /* Copy Pods Resources */,
				8E624AE41A47291300472E9B /* Copy Frameworks */,
			);
			buildRules = (
			);
			dependencies = (
				8E624AE31A4728FE00472E9B /* PBXTargetDependency */,
			);
			name = FlowList;
			productName = FlowList;
			productReference = 8EFBB0241A45F015003DDDC9 /* FlowList.app */;
			productType = "com.apple.product-type.application";
		};
		8EFBB0381A45F015003DDDC9 /* FlowListTests */ = {
			isa = PBXNativeTarget;
			buildConfigurationList = 8EFBB0461A45F015003DDDC9 /* Build configuration list for PBXNativeTarget "FlowListTests" */;
			buildPhases = (
				A173DC0F45CDDC1421D775AD /* Check Pods Manifest.lock */,
				8EFBB0351A45F015003DDDC9 /* Sources */,
				8EFBB0361A45F015003DDDC9 /* Frameworks */,
				8EFBB0371A45F015003DDDC9 /* Resources */,
				B9D0B34E536E77EDA835D79F /* Copy Pods Resources */,
			);
			buildRules = (
			);
			dependencies = (
				8EFBB03B1A45F015003DDDC9 /* PBXTargetDependency */,
			);
			name = FlowListTests;
			productName = FlowListTests;
			productReference = 8EFBB0391A45F015003DDDC9 /* FlowListTests.xctest */;
			productType = "com.apple.product-type.bundle.unit-test";
		};
/* End PBXNativeTarget section */

/* Begin PBXProject section */
		8EFBB01C1A45F015003DDDC9 /* Project object */ = {
			isa = PBXProject;
			attributes = {
				LastUpgradeCheck = 0620;
				ORGANIZATIONNAME = "Daniel Rakhamimov";
				TargetAttributes = {
					8EFBB0231A45F015003DDDC9 = {
						CreatedOnToolsVersion = 6.2;
					};
					8EFBB0381A45F015003DDDC9 = {
						CreatedOnToolsVersion = 6.2;
						TestTargetID = 8EFBB0231A45F015003DDDC9;
					};
				};
			};
			buildConfigurationList = 8EFBB01F1A45F015003DDDC9 /* Build configuration list for PBXProject "FlowList" */;
			compatibilityVersion = "Xcode 3.2";
			developmentRegion = English;
			hasScannedForEncodings = 0;
			knownRegions = (
				en,
				Base,
			);
			mainGroup = 8EFBB01B1A45F015003DDDC9;
			productRefGroup = 8EFBB0251A45F015003DDDC9 /* Products */;
			projectDirPath = "";
			projectReferences = (
				{
					ProductGroup = 8E624ADA1A4728CD00472E9B /* Products */;
					ProjectRef = 8E624AD91A4728CD00472E9B /* Alamofire.xcodeproj */;
				},
			);
			projectRoot = "";
			targets = (
				8EFBB0231A45F015003DDDC9 /* FlowList */,
				8EFBB0381A45F015003DDDC9 /* FlowListTests */,
			);
		};
/* End PBXProject section */

/* Begin PBXReferenceProxy section */
		8E624ADF1A4728CD00472E9B /* Alamofire.framework */ = {
			isa = PBXReferenceProxy;
			fileType = wrapper.framework;
			path = Alamofire.framework;
			remoteRef = 8E624ADE1A4728CD00472E9B /* PBXContainerItemProxy */;
			sourceTree = BUILT_PRODUCTS_DIR;
		};
		8E624AE11A4728CD00472E9B /* AlamofireTests.xctest */ = {
			isa = PBXReferenceProxy;
			fileType = wrapper.cfbundle;
			path = AlamofireTests.xctest;
			remoteRef = 8E624AE01A4728CD00472E9B /* PBXContainerItemProxy */;
			sourceTree = BUILT_PRODUCTS_DIR;
		};
/* End PBXReferenceProxy section */

/* Begin PBXResourcesBuildPhase section */
		8EFBB0221A45F015003DDDC9 /* Resources */ = {
			isa = PBXResourcesBuildPhase;
			buildActionMask = 2147483647;
			files = (
				8E2E6E641A5086FD00DE49C9 /* Feed_Usecases.rtf in Resources */,
				8E8ECCEB1A5B824200373FFB /* Player_Usecases.rtf in Resources */,
				8E36F6161A46171600DD88D8 /* GoDJ.mp3 in Resources */,
				8EFBB02F1A45F015003DDDC9 /* Main.storyboard in Resources */,
				8EFBB0341A45F015003DDDC9 /* LaunchScreen.xib in Resources */,
				8EFBB0311A45F015003DDDC9 /* Images.xcassets in Resources */,
			);
			runOnlyForDeploymentPostprocessing = 0;
		};
		8EFBB0371A45F015003DDDC9 /* Resources */ = {
			isa = PBXResourcesBuildPhase;
			buildActionMask = 2147483647;
			files = (
			);
			runOnlyForDeploymentPostprocessing = 0;
		};
/* End PBXResourcesBuildPhase section */

/* Begin PBXShellScriptBuildPhase section */
		2C3746559901FCDF3C0761BA /* Check Pods Manifest.lock */ = {
			isa = PBXShellScriptBuildPhase;
			buildActionMask = 2147483647;
			files = (
			);
			inputPaths = (
			);
			name = "Check Pods Manifest.lock";
			outputPaths = (
			);
			runOnlyForDeploymentPostprocessing = 0;
			shellPath = /bin/sh;
			shellScript = "diff \"${PODS_ROOT}/../Podfile.lock\" \"${PODS_ROOT}/Manifest.lock\" > /dev/null\nif [[ $? != 0 ]] ; then\n    cat << EOM\nerror: The sandbox is not in sync with the Podfile.lock. Run 'pod install' or update your CocoaPods installation.\nEOM\n    exit 1\nfi\n";
			showEnvVarsInLog = 0;
		};
		3DBCD2A925E3AAE084E3AE24 /* Copy Pods Resources */ = {
			isa = PBXShellScriptBuildPhase;
			buildActionMask = 2147483647;
			files = (
			);
			inputPaths = (
			);
			name = "Copy Pods Resources";
			outputPaths = (
			);
			runOnlyForDeploymentPostprocessing = 0;
			shellPath = /bin/sh;
			shellScript = "\"${SRCROOT}/Pods/Target Support Files/Pods-FlowList/Pods-FlowList-resources.sh\"\n";
			showEnvVarsInLog = 0;
		};
		A173DC0F45CDDC1421D775AD /* Check Pods Manifest.lock */ = {
			isa = PBXShellScriptBuildPhase;
			buildActionMask = 2147483647;
			files = (
			);
			inputPaths = (
			);
			name = "Check Pods Manifest.lock";
			outputPaths = (
			);
			runOnlyForDeploymentPostprocessing = 0;
			shellPath = /bin/sh;
			shellScript = "diff \"${PODS_ROOT}/../Podfile.lock\" \"${PODS_ROOT}/Manifest.lock\" > /dev/null\nif [[ $? != 0 ]] ; then\n    cat << EOM\nerror: The sandbox is not in sync with the Podfile.lock. Run 'pod install' or update your CocoaPods installation.\nEOM\n    exit 1\nfi\n";
			showEnvVarsInLog = 0;
		};
		B9D0B34E536E77EDA835D79F /* Copy Pods Resources */ = {
			isa = PBXShellScriptBuildPhase;
			buildActionMask = 2147483647;
			files = (
			);
			inputPaths = (
			);
			name = "Copy Pods Resources";
			outputPaths = (
			);
			runOnlyForDeploymentPostprocessing = 0;
			shellPath = /bin/sh;
			shellScript = "\"${SRCROOT}/Pods/Target Support Files/Pods-FlowListTests/Pods-FlowListTests-resources.sh\"\n";
			showEnvVarsInLog = 0;
		};
/* End PBXShellScriptBuildPhase section */

/* Begin PBXSourcesBuildPhase section */
		8EFBB0201A45F015003DDDC9 /* Sources */ = {
			isa = PBXSourcesBuildPhase;
			buildActionMask = 2147483647;
			files = (
				8EFBB02A1A45F015003DDDC9 /* AppDelegate.swift in Sources */,
				8EAAA1481A5361150041BD16 /* FLColorPalette.swift in Sources */,
				8E3D38D51A521C2400BFDD12 /* FLFeedViewIO.swift in Sources */,
				8E2C89BA1A5666A000293333 /* FLPlayerViewController.swift in Sources */,
				8E2C89B71A56665F00293333 /* FLPlayerWireframe.swift in Sources */,
				8E2C89D61A56807300293333 /* FLRootContainerViewIO.swift in Sources */,
				8E2E6E6B1A50ADF200DE49C9 /* FLSongItem.swift in Sources */,
				8E3D38CA1A52086500BFDD12 /* FLRootWireframe.swift in Sources */,
				8E8ECCED1A5BADA900373FFB /* FLUpvoteButton.swift in Sources */,
				8E2E6E721A50CCEE00DE49C9 /* FLFeedNetworkService.swift in Sources */,
				8E3D38D01A520C4700BFDD12 /* FLFeedPresenter.swift in Sources */,
				8E3D38CE1A520C0400BFDD12 /* FLFeedViewController.swift in Sources */,
				8E2C89CD1A56749300293333 /* FLRootContainerPresenter.swift in Sources */,
				8E3D38D31A520CFB00BFDD12 /* FLFeedWireframe.swift in Sources */,
				8E3DE3281A56009700FB79FC /* FLVectorIcon.swift in Sources */,
				8EAAA14D1A5533FB0041BD16 /* FLFeedTableCell.swift in Sources */,
				8E2C89E91A59D37600293333 /* FLPlayPauseButton.swift in Sources */,
				8E2C89D01A5679C500293333 /* FLPlayerViewIO.swift in Sources */,
				8E2E6E751A511A8300DE49C9 /* SwiftyJSON.swift in Sources */,
				8E2C89C01A566D5900293333 /* FLPlayerInteractor.swift in Sources */,
				8E3DE31A1A55FBAB00FB79FC /* FLUpvoteIcon.swift in Sources */,
				8E2C89C31A566D9500293333 /* FLPlayerDataManger.swift in Sources */,
				8E3D38CC1A52092C00BFDD12 /* FLAppDependencies .swift in Sources */,
				8E3D39091A523A0100BFDD12 /* FLFeedInteractorIO.swift in Sources */,
				8E2C89BD1A566D4400293333 /* FLPlayerPresenter.swift in Sources */,
				8E2C89E71A58996000293333 /* FLPlayIcon.swift in Sources */,
				8E2C89EE1A5B6DB200293333 /* FLLikeButton.swift in Sources */,
				8E8ECCF01A5BB69400373FFB /* FLFeedHeaderView.swift in Sources */,
				8E2C89C71A566E1C00293333 /* FLRootContainerController.swift in Sources */,
				8E2C89F01A5B6FA100293333 /* FLHeartIcon.swift in Sources */,
				8E2C89E51A58995000293333 /* FLPauseIcon.swift in Sources */,
				8E2E6E6E1A50C1EE00DE49C9 /* FLFeedInteractor.swift in Sources */,
				8E2E6E781A511BB500DE49C9 /* FLFeedDataManager.swift in Sources */,
				8E2C89D31A5679FE00293333 /* FLPlayerInteractorIO.swift in Sources */,
			);
			runOnlyForDeploymentPostprocessing = 0;
		};
		8EFBB0351A45F015003DDDC9 /* Sources */ = {
			isa = PBXSourcesBuildPhase;
			buildActionMask = 2147483647;
			files = (
				8ECE982A1A523DA50052FCA0 /* FLFeedInteractorIO.swift in Sources */,
				8E2E6E6C1A50ADF200DE49C9 /* FLSongItem.swift in Sources */,
				8E2E6E731A50CCEE00DE49C9 /* FLFeedNetworkService.swift in Sources */,
				8E2E6E761A511A8300DE49C9 /* SwiftyJSON.swift in Sources */,
				8E2E6E791A511BB500DE49C9 /* FLFeedDataManager.swift in Sources */,
				8E2E6E6F1A50C1EE00DE49C9 /* FLFeedInteractor.swift in Sources */,
				8E2C89C11A566D5900293333 /* FLPlayerInteractor.swift in Sources */,
				8E2C89C41A566D9500293333 /* FLPlayerDataManger.swift in Sources */,
				8E2E6E691A50945500DE49C9 /* FLSongItemTests.swift in Sources */,
				8E2C89D41A5679FE00293333 /* FLPlayerInteractorIO.swift in Sources */,
			);
			runOnlyForDeploymentPostprocessing = 0;
		};
/* End PBXSourcesBuildPhase section */

/* Begin PBXTargetDependency section */
		8E624AE31A4728FE00472E9B /* PBXTargetDependency */ = {
			isa = PBXTargetDependency;
			name = Alamofire;
			targetProxy = 8E624AE21A4728FE00472E9B /* PBXContainerItemProxy */;
		};
		8EFBB03B1A45F015003DDDC9 /* PBXTargetDependency */ = {
			isa = PBXTargetDependency;
			target = 8EFBB0231A45F015003DDDC9 /* FlowList */;
			targetProxy = 8EFBB03A1A45F015003DDDC9 /* PBXContainerItemProxy */;
		};
/* End PBXTargetDependency section */

/* Begin PBXVariantGroup section */
		8EFBB02D1A45F015003DDDC9 /* Main.storyboard */ = {
			isa = PBXVariantGroup;
			children = (
				8EFBB02E1A45F015003DDDC9 /* Base */,
			);
			name = Main.storyboard;
			sourceTree = "<group>";
		};
		8EFBB0321A45F015003DDDC9 /* LaunchScreen.xib */ = {
			isa = PBXVariantGroup;
			children = (
				8EFBB0331A45F015003DDDC9 /* Base */,
			);
			name = LaunchScreen.xib;
			sourceTree = "<group>";
		};
/* End PBXVariantGroup section */

/* Begin XCBuildConfiguration section */
		8EFBB0411A45F015003DDDC9 /* Debug */ = {
			isa = XCBuildConfiguration;
			buildSettings = {
				ALWAYS_SEARCH_USER_PATHS = NO;
				CLANG_CXX_LANGUAGE_STANDARD = "gnu++0x";
				CLANG_CXX_LIBRARY = "libc++";
				CLANG_ENABLE_MODULES = YES;
				CLANG_ENABLE_OBJC_ARC = YES;
				CLANG_WARN_BOOL_CONVERSION = YES;
				CLANG_WARN_CONSTANT_CONVERSION = YES;
				CLANG_WARN_DIRECT_OBJC_ISA_USAGE = YES_ERROR;
				CLANG_WARN_EMPTY_BODY = YES;
				CLANG_WARN_ENUM_CONVERSION = YES;
				CLANG_WARN_INT_CONVERSION = YES;
				CLANG_WARN_OBJC_ROOT_CLASS = YES_ERROR;
				CLANG_WARN_UNREACHABLE_CODE = YES;
				CLANG_WARN__DUPLICATE_METHOD_MATCH = YES;
				"CODE_SIGN_IDENTITY[sdk=iphoneos*]" = "iPhone Developer";
				COPY_PHASE_STRIP = NO;
				ENABLE_STRICT_OBJC_MSGSEND = YES;
				GCC_C_LANGUAGE_STANDARD = gnu99;
				GCC_DYNAMIC_NO_PIC = NO;
				GCC_OPTIMIZATION_LEVEL = 0;
				GCC_PREPROCESSOR_DEFINITIONS = (
					"DEBUG=1",
					"$(inherited)",
				);
				GCC_SYMBOLS_PRIVATE_EXTERN = NO;
				GCC_WARN_64_TO_32_BIT_CONVERSION = YES;
				GCC_WARN_ABOUT_RETURN_TYPE = YES_ERROR;
				GCC_WARN_UNDECLARED_SELECTOR = YES;
				GCC_WARN_UNINITIALIZED_AUTOS = YES_AGGRESSIVE;
				GCC_WARN_UNUSED_FUNCTION = YES;
				GCC_WARN_UNUSED_VARIABLE = YES;
				IPHONEOS_DEPLOYMENT_TARGET = 8.2;
				MTL_ENABLE_DEBUG_INFO = YES;
				ONLY_ACTIVE_ARCH = YES;
				SDKROOT = iphoneos;
				SWIFT_OBJC_BRIDGING_HEADER = "FLowList/FlowList-Bridging-Header.h";
				SWIFT_OPTIMIZATION_LEVEL = "-Onone";
			};
			name = Debug;
		};
		8EFBB0421A45F015003DDDC9 /* Release */ = {
			isa = XCBuildConfiguration;
			buildSettings = {
				ALWAYS_SEARCH_USER_PATHS = NO;
				CLANG_CXX_LANGUAGE_STANDARD = "gnu++0x";
				CLANG_CXX_LIBRARY = "libc++";
				CLANG_ENABLE_MODULES = YES;
				CLANG_ENABLE_OBJC_ARC = YES;
				CLANG_WARN_BOOL_CONVERSION = YES;
				CLANG_WARN_CONSTANT_CONVERSION = YES;
				CLANG_WARN_DIRECT_OBJC_ISA_USAGE = YES_ERROR;
				CLANG_WARN_EMPTY_BODY = YES;
				CLANG_WARN_ENUM_CONVERSION = YES;
				CLANG_WARN_INT_CONVERSION = YES;
				CLANG_WARN_OBJC_ROOT_CLASS = YES_ERROR;
				CLANG_WARN_UNREACHABLE_CODE = YES;
				CLANG_WARN__DUPLICATE_METHOD_MATCH = YES;
				"CODE_SIGN_IDENTITY[sdk=iphoneos*]" = "iPhone Developer";
				COPY_PHASE_STRIP = YES;
				ENABLE_NS_ASSERTIONS = NO;
				ENABLE_STRICT_OBJC_MSGSEND = YES;
				GCC_C_LANGUAGE_STANDARD = gnu99;
				GCC_WARN_64_TO_32_BIT_CONVERSION = YES;
				GCC_WARN_ABOUT_RETURN_TYPE = YES_ERROR;
				GCC_WARN_UNDECLARED_SELECTOR = YES;
				GCC_WARN_UNINITIALIZED_AUTOS = YES_AGGRESSIVE;
				GCC_WARN_UNUSED_FUNCTION = YES;
				GCC_WARN_UNUSED_VARIABLE = YES;
				IPHONEOS_DEPLOYMENT_TARGET = 8.2;
				MTL_ENABLE_DEBUG_INFO = NO;
				SDKROOT = iphoneos;
				SWIFT_OBJC_BRIDGING_HEADER = "FLowList/FlowList-Bridging-Header.h";
				VALIDATE_PRODUCT = YES;
			};
			name = Release;
		};
		8EFBB0441A45F015003DDDC9 /* Debug */ = {
			isa = XCBuildConfiguration;
			baseConfigurationReference = 01EAE4507B2D77ADF373ED54 /* Pods-FlowList.debug.xcconfig */;
			buildSettings = {
				ASSETCATALOG_COMPILER_APPICON_NAME = AppIcon;
				CLANG_ENABLE_MODULES = YES;
				INFOPLIST_FILE = FlowList/Info.plist;
				IPHONEOS_DEPLOYMENT_TARGET = 8.0;
				LD_RUNPATH_SEARCH_PATHS = "$(inherited) @executable_path/Frameworks";
				PRODUCT_NAME = "$(TARGET_NAME)";
				SWIFT_OBJC_BRIDGING_HEADER = "FLowList/FlowList-Bridging-Header.h";
				SWIFT_OPTIMIZATION_LEVEL = "-Onone";
			};
			name = Debug;
		};
		8EFBB0451A45F015003DDDC9 /* Release */ = {
			isa = XCBuildConfiguration;
			baseConfigurationReference = 5D0840D31A70F1DF5623C4FA /* Pods-FlowList.release.xcconfig */;
			buildSettings = {
				ASSETCATALOG_COMPILER_APPICON_NAME = AppIcon;
				CLANG_ENABLE_MODULES = YES;
				INFOPLIST_FILE = FlowList/Info.plist;
				IPHONEOS_DEPLOYMENT_TARGET = 8.0;
				LD_RUNPATH_SEARCH_PATHS = "$(inherited) @executable_path/Frameworks";
				PRODUCT_NAME = "$(TARGET_NAME)";
				SWIFT_OBJC_BRIDGING_HEADER = "FLowList/FlowList-Bridging-Header.h";
			};
			name = Release;
		};
		8EFBB0471A45F015003DDDC9 /* Debug */ = {
			isa = XCBuildConfiguration;
			baseConfigurationReference = 4FE78C3A7BA81B0A3316C9CE /* Pods-FlowListTests.debug.xcconfig */;
			buildSettings = {
				BUNDLE_LOADER = "$(TEST_HOST)";
				CLANG_ENABLE_MODULES = YES;
				FRAMEWORK_SEARCH_PATHS = (
					"$(SDKROOT)/Developer/Library/Frameworks",
					"$(inherited)",
				);
				GCC_PREPROCESSOR_DEFINITIONS = (
					"DEBUG=1",
					"$(inherited)",
				);
				INFOPLIST_FILE = FlowListTests/Info.plist;
				LD_RUNPATH_SEARCH_PATHS = "$(inherited) @executable_path/Frameworks @loader_path/Frameworks";
				PRODUCT_NAME = "$(TARGET_NAME)";
				SWIFT_INSTALL_OBJC_HEADER = YES;
				SWIFT_OBJC_BRIDGING_HEADER = "FLowList/FlowListTests-Bridging-Header.h";
				SWIFT_OPTIMIZATION_LEVEL = "-Onone";
				TEST_HOST = "$(BUILT_PRODUCTS_DIR)/FlowList.app/FlowList";
			};
			name = Debug;
		};
		8EFBB0481A45F015003DDDC9 /* Release */ = {
			isa = XCBuildConfiguration;
			baseConfigurationReference = 8BB8DA6A55063CE7A3D32BB2 /* Pods-FlowListTests.release.xcconfig */;
			buildSettings = {
				BUNDLE_LOADER = "$(TEST_HOST)";
				CLANG_ENABLE_MODULES = YES;
				FRAMEWORK_SEARCH_PATHS = (
					"$(SDKROOT)/Developer/Library/Frameworks",
					"$(inherited)",
				);
				INFOPLIST_FILE = FlowListTests/Info.plist;
				LD_RUNPATH_SEARCH_PATHS = "$(inherited) @executable_path/Frameworks @loader_path/Frameworks";
				PRODUCT_NAME = "$(TARGET_NAME)";
				SWIFT_INSTALL_OBJC_HEADER = YES;
				SWIFT_OBJC_BRIDGING_HEADER = "FLowList/FlowListTests-Bridging-Header.h";
				TEST_HOST = "$(BUILT_PRODUCTS_DIR)/FlowList.app/FlowList";
			};
			name = Release;
		};
/* End XCBuildConfiguration section */

/* Begin XCConfigurationList section */
		8EFBB01F1A45F015003DDDC9 /* Build configuration list for PBXProject "FlowList" */ = {
			isa = XCConfigurationList;
			buildConfigurations = (
				8EFBB0411A45F015003DDDC9 /* Debug */,
				8EFBB0421A45F015003DDDC9 /* Release */,
			);
			defaultConfigurationIsVisible = 0;
			defaultConfigurationName = Release;
		};
		8EFBB0431A45F015003DDDC9 /* Build configuration list for PBXNativeTarget "FlowList" */ = {
			isa = XCConfigurationList;
			buildConfigurations = (
				8EFBB0441A45F015003DDDC9 /* Debug */,
				8EFBB0451A45F015003DDDC9 /* Release */,
			);
			defaultConfigurationIsVisible = 0;
			defaultConfigurationName = Release;
		};
		8EFBB0461A45F015003DDDC9 /* Build configuration list for PBXNativeTarget "FlowListTests" */ = {
			isa = XCConfigurationList;
			buildConfigurations = (
				8EFBB0471A45F015003DDDC9 /* Debug */,
				8EFBB0481A45F015003DDDC9 /* Release */,
			);
			defaultConfigurationIsVisible = 0;
			defaultConfigurationName = Release;
		};
/* End XCConfigurationList section */
	};
	rootObject = 8EFBB01C1A45F015003DDDC9 /* Project object */;
}
